
Microsoft Visual Studio Solution File, Format Version 12.00
# Visual Studio Version 17
VisualStudioVersion = 17.5.33627.172
MinimumVisualStudioVersion = 10.0.40219.1
Project("{8BC9CEB8-8B4A-11D0-8D11-00A0C91BC942}") = "Sandbox", "Sandbox\Sandbox.vcxproj", "{EF2FFC92-5405-4B63-9A03-CB8311732693}"
EndProject
Project("{8BC9CEB8-8B4A-11D0-8D11-00A0C91BC942}") = "Pack", "Pack\Pack.vcxproj", "{A8AE398A-4A6C-4619-93F7-251A324D130A}"
EndProject
Global
	GlobalSection(SolutionConfigurationPlatforms) = preSolution
		Debug|x64 = Debug|x64
		Release|x64 = Release|x64
	EndGlobalSection
	GlobalSection(ProjectConfigurationPlatforms) = postSolution
		{A8AE398A-4A6C-4619-93F7-251A324D130A}.Debug|x64.ActiveCfg = Debug|x64
		{A8AE398A-4A6C-4619-93F7-251A324D130A}.Debug|x64.Build.0 = Debug|x64
		{A8AE398A-4A6C-4619-93F7-251A324D130A}.Release|x64.ActiveCfg = Release|x64
		{A8AE398A-4A6C-4619-93F7-251A324D130A}.Release|x64.Build.0 = Release|x64
		{EF2FFC92-5405-4B63-9A03-CB8311732693}.Debug|x64.ActiveCfg = Debug|x64
		{EF2FFC92-5405-4B63-9A03-CB8311732693}.Debug|x64.Build.0 = Debug|x64
		{EF2FFC92-5405-4B63-9A03-CB8311732693}.Release|x64.ActiveCfg = Release|x64
		{EF2FFC92-5405-4B63-9A03-CB8311732693}.Release|x64.Build.0 = Release|x64
	EndGlobalSection
	GlobalSection(SolutionProperties) = preSolution
		HideSolutionNode = FALSE
	EndGlobalSection
	GlobalSection(ExtensibilityGlobals) = postSolution
		SolutionGuid = {5F2FE560-B0B0-444A-8616-816121A18062}
	EndGlobalSection
EndGlobal
