<?xml version="1.0" encoding="utf-8"?>
<Project ToolsVersion="4.0" xmlns="http://schemas.microsoft.com/developer/msbuild/2003">
  <ItemGroup>
    <Filter Include="Pack">
      <UniqueIdentifier>{A4978A7C-90CE-8B0D-39BB-711025D1070F}</UniqueIdentifier>
    </Filter>
    <Filter Include="Pack\Events">
      <UniqueIdentifier>{08C37CB7-7478-F5AC-FD6C-EF836921ECB0}</UniqueIdentifier>
    </Filter>
  </ItemGroup>
  <ItemGroup>
    <ClInclude Include="src\Pack.h" />
    <ClInclude Include="src\Pack\Application.h">
      <Filter>Pack</Filter>
    </ClInclude>
    <ClInclude Include="src\Pack\Core.h">
      <Filter>Pack</Filter>
    </ClInclude>
    <ClInclude Include="src\Pack\EntryPoint.h">
      <Filter>Pack</Filter>
    </ClInclude>
    <ClInclude Include="src\Pack\Events\ApplicationEvent.h">
      <Filter>Pack\Events</Filter>
    </ClInclude>
    <ClInclude Include="src\Pack\Events\Event.h">
      <Filter>Pack\Events</Filter>
    </ClInclude>
    <ClInclude Include="src\Pack\Events\KeyEvent.h">
      <Filter>Pack\Events</Filter>
    </ClInclude>
    <ClInclude Include="src\Pack\Events\MouseEvents.h">
      <Filter>Pack\Events</Filter>
    </ClInclude>
    <ClInclude Include="src\Pack\Log.h">
      <Filter>Pack</Filter>
    </ClInclude>
  </ItemGroup>
  <ItemGroup>
    <ClCompile Include="src\Pack\Application.cpp">
      <Filter>Pack</Filter>
    </ClCompile>
    <ClCompile Include="src\Pack\Log.cpp">
      <Filter>Pack</Filter>
    </ClCompile>
  </ItemGroup>
</Project>